{
  "name": "Package",
  "lockfileVersion": 3,
  "requires": true,
  "packages": {
    "": {
      "dependencies": {
        "area": "file:../Area",
        "mathematics": "file:../Mathematics"
      }
    },
    "../Area": {
      "version": "1.0.0",
      "license": "ISC"
    },
    "../Mathematics": {
      "name": "mathematics",
      "version": "1.0.0",
      "license": "ISC"
    },
    "node_modules/area": {
      "resolved": "../Area",
      "link": true
    },
    "node_modules/mathematics": {
      "resolved": "../Mathematics",
      "link": true
    }
  }
}
